// !$*UTF8*$!
{
	archiveVersion = 1;
	classes = {
	};
	objectVersion = 46;
	objects = {

/* Begin PBXBuildFile section */
		22B680611B6B0FD900963A42 /* AppDelegate.swift in Sources */ = {isa = PBXBuildFile; fileRef = 22B680601B6B0FD900963A42 /* AppDelegate.swift */; };
		22B680631B6B0FD900963A42 /* ViewController.swift in Sources */ = {isa = PBXBuildFile; fileRef = 22B680621B6B0FD900963A42 /* ViewController.swift */; };
		22B680661B6B0FD900963A42 /* Main.storyboard in Resources */ = {isa = PBXBuildFile; fileRef = 22B680641B6B0FD900963A42 /* Main.storyboard */; };
		22B680681B6B0FD900963A42 /* Images.xcassets in Resources */ = {isa = PBXBuildFile; fileRef = 22B680671B6B0FD900963A42 /* Images.xcassets */; };
		22B6806B1B6B0FD900963A42 /* LaunchScreen.xib in Resources */ = {isa = PBXBuildFile; fileRef = 22B680691B6B0FD900963A42 /* LaunchScreen.xib */; };
		22B680771B6B0FDA00963A42 /* ios_codepathTests.swift in Sources */ = {isa = PBXBuildFile; fileRef = 22B680761B6B0FDA00963A42 /* ios_codepathTests.swift */; };
/* End PBXBuildFile section */

/* Begin PBXContainerItemProxy section */
		22B680711B6B0FD900963A42 /* PBXContainerItemProxy */ = {
			isa = PBXContainerItemProxy;
			containerPortal = 22B680531B6B0FD900963A42 /* Project object */;
			proxyType = 1;
			remoteGlobalIDString = 22B6805A1B6B0FD900963A42;
			remoteInfo = ios_codepath;
		};
/* End PBXContainerItemProxy section */

/* Begin PBXFileReference section */
		22B6805B1B6B0FD900963A42 /* ios_codepath.app */ = {isa = PBXFileReference; explicitFileType = wrapper.application; includeInIndex = 0; path = ios_codepath.app; sourceTree = BUILT_PRODUCTS_DIR; };
		22B6805F1B6B0FD900963A42 /* Info.plist */ = {isa = PBXFileReference; lastKnownFileType = text.plist.xml; path = Info.plist; sourceTree = "<group>"; };
		22B680601B6B0FD900963A42 /* AppDelegate.swift */ = {isa = PBXFileReference; lastKnownFileType = sourcecode.swift; path = AppDelegate.swift; sourceTree = "<group>"; };
		22B680621B6B0FD900963A42 /* ViewController.swift */ = {isa = PBXFileReference; lastKnownFileType = sourcecode.swift; path = ViewController.swift; sourceTree = "<group>"; };
		22B680651B6B0FD900963A42 /* Base */ = {isa = PBXFileReference; lastKnownFileType = file.storyboard; name = Base; path = Base.lproj/Main.storyboard; sourceTree = "<group>"; };
		22B680671B6B0FD900963A42 /* Images.xcassets */ = {isa = PBXFileReference; lastKnownFileType = folder.assetcatalog; path = Images.xcassets; sourceTree = "<group>"; };
		22B6806A1B6B0FD900963A42 /* Base */ = {isa = PBXFileReference; lastKnownFileType = file.xib; name = Base; path = Base.lproj/LaunchScreen.xib; sourceTree = "<group>"; };
		22B680701B6B0FD900963A42 /* ios_codepathTests.xctest */ = {isa = PBXFileReference; explicitFileType = wrapper.cfbundle; includeInIndex = 0; path = ios_codepathTests.xctest; sourceTree = BUILT_PRODUCTS_DIR; };
		22B680751B6B0FDA00963A42 /* Info.plist */ = {isa = PBXFileReference; lastKnownFileType = text.plist.xml; path = Info.plist; sourceTree = "<group>"; };
		22B680761B6B0FDA00963A42 /* ios_codepathTests.swift */ = {isa = PBXFileReference; lastKnownFileType = sourcecode.swift; path = ios_codepathTests.swift; sourceTree = "<group>"; };
/* End PBXFileReference section */

/* Begin PBXFrameworksBuildPhase section */
		22B680581B6B0FD900963A42 /* Frameworks */ = {
			isa = PBXFrameworksBuildPhase;
			buildActionMask = 2147483647;
			files = (
			);
			runOnlyForDeploymentPostprocessing = 0;
		};
		22B6806D1B6B0FD900963A42 /* Frameworks */ = {
			isa = PBXFrameworksBuildPhase;
			buildActionMask = 2147483647;
			files = (
			);
			runOnlyForDeploymentPostprocessing = 0;
		};
/* End PBXFrameworksBuildPhase section */

/* Begin PBXGroup section */
		22B680521B6B0FD900963A42 = {
			isa = PBXGroup;
			children = (
				22B6805D1B6B0FD900963A42 /* ios_codepath */,
				22B680731B6B0FD900963A42 /* ios_codepathTests */,
				22B6805C1B6B0FD900963A42 /* Products */,
			);
			sourceTree = "<group>";
		};
		22B6805C1B6B0FD900963A42 /* Products */ = {
			isa = PBXGroup;
			children = (
				22B6805B1B6B0FD900963A42 /* ios_codepath.app */,
				22B680701B6B0FD900963A42 /* ios_codepathTests.xctest */,
			);
			name = Products;
			sourceTree = "<group>";
		};
		22B6805D1B6B0FD900963A42 /* ios_codepath */ = {
			isa = PBXGroup;
			children = (
				22B680601B6B0FD900963A42 /* AppDelegate.swift */,
				22B680621B6B0FD900963A42 /* ViewController.swift */,
				22B680641B6B0FD900963A42 /* Main.storyboard */,
				22B680671B6B0FD900963A42 /* Images.xcassets */,
				22B680691B6B0FD900963A42 /* LaunchScreen.xib */,
				22B6805E1B6B0FD900963A42 /* Supporting Files */,
			);
			path = ios_codepath;
			sourceTree = "<group>";
		};
		22B6805E1B6B0FD900963A42 /* Supporting Files */ = {
			isa = PBXGroup;
			children = (
				22B6805F1B6B0FD900963A42 /* Info.plist */,
			);
			name = "Supporting Files";
			sourceTree = "<group>";
		};
		22B680731B6B0FD900963A42 /* ios_codepathTests */ = {
			isa = PBXGroup;
			children = (
				22B680761B6B0FDA00963A42 /* ios_codepathTests.swift */,
				22B680741B6B0FDA00963A42 /* Supporting Files */,
			);
			path = ios_codepathTests;
			sourceTree = "<group>";
		};
		22B680741B6B0FDA00963A42 /* Supporting Files */ = {
			isa = PBXGroup;
			children = (
				22B680751B6B0FDA00963A42 /* Info.plist */,
			);
			name = "Supporting Files";
			sourceTree = "<group>";
		};
/* End PBXGroup section */

/* Begin PBXNativeTarget section */
		22B6805A1B6B0FD900963A42 /* ios_codepath */ = {
			isa = PBXNativeTarget;
			buildConfigurationList = 22B6807A1B6B0FDA00963A42 /* Build configuration list for PBXNativeTarget "ios_codepath" */;
			buildPhases = (
				22B680571B6B0FD900963A42 /* Sources */,
				22B680581B6B0FD900963A42 /* Frameworks */,
				22B680591B6B0FD900963A42 /* Resources */,
			);
			buildRules = (
			);
			dependencies = (
			);
			name = ios_codepath;
			productName = ios_codepath;
			productReference = 22B6805B1B6B0FD900963A42 /* ios_codepath.app */;
			productType = "com.apple.product-type.application";
		};
		22B6806F1B6B0FD900963A42 /* ios_codepathTests */ = {
			isa = PBXNativeTarget;
			buildConfigurationList = 22B6807D1B6B0FDA00963A42 /* Build configuration list for PBXNativeTarget "ios_codepathTests" */;
			buildPhases = (
				22B6806C1B6B0FD900963A42 /* Sources */,
				22B6806D1B6B0FD900963A42 /* Frameworks */,
				22B6806E1B6B0FD900963A42 /* Resources */,
			);
			buildRules = (
			);
			dependencies = (
				22B680721B6B0FD900963A42 /* PBXTargetDependency */,
			);
			name = ios_codepathTests;
			productName = ios_codepathTests;
			productReference = 22B680701B6B0FD900963A42 /* ios_codepathTests.xctest */;
			productType = "com.apple.product-type.bundle.unit-test";
		};
/* End PBXNativeTarget section */

/* Begin PBXProject section */
		22B680531B6B0FD900963A42 /* Project object */ = {
			isa = PBXProject;
			attributes = {
				LastUpgradeCheck = 0640;
				ORGANIZATIONNAME = "Timothy Lee";
				TargetAttributes = {
					22B6805A1B6B0FD900963A42 = {
						CreatedOnToolsVersion = 6.4;
					};
					22B6806F1B6B0FD900963A42 = {
						CreatedOnToolsVersion = 6.4;
						TestTargetID = 22B6805A1B6B0FD900963A42;
					};
				};
			};
			buildConfigurationList = 22B680561B6B0FD900963A42 /* Build configuration list for PBXProject "ios_codepath" */;
			compatibilityVersion = "Xcode 3.2";
			developmentRegion = English;
			hasScannedForEncodings = 0;
			knownRegions = (
				en,
				Base,
			);
			mainGroup = 22B680521B6B0FD900963A42;
			productRefGroup = 22B6805C1B6B0FD900963A42 /* Products */;
			projectDirPath = "";
			projectRoot = "";
			targets = (
				22B6805A1B6B0FD900963A42 /* ios_codepath */,
				22B6806F1B6B0FD900963A42 /* ios_codepathTests */,
			);
		};
/* End PBXProject section */

/* Begin PBXResourcesBuildPhase section */
		22B680591B6B0FD900963A42 /* Resources */ = {
			isa = PBXResourcesBuildPhase;
			buildActionMask = 2147483647;
			files = (
				22B680661B6B0FD900963A42 /* Main.storyboard in Resources */,
				22B6806B1B6B0FD900963A42 /* LaunchScreen.xib in Resources */,
				22B680681B6B0FD900963A42 /* Images.xcassets in Resources */,
			);
			runOnlyForDeploymentPostprocessing = 0;
		};
		22B6806E1B6B0FD900963A42 /* Resources */ = {
			isa = PBXResourcesBuildPhase;
			buildActionMask = 2147483647;
			files = (
			);
			runOnlyForDeploymentPostprocessing = 0;
		};
/* End PBXResourcesBuildPhase section */

/* Begin PBXSourcesBuildPhase section */
		22B680571B6B0FD900963A42 /* Sources */ = {
			isa = PBXSourcesBuildPhase;
			buildActionMask = 2147483647;
			files = (
				22B680631B6B0FD900963A42 /* ViewController.swift in Sources */,
				22B680611B6B0FD900963A42 /* AppDelegate.swift in Sources */,
			);
			runOnlyForDeploymentPostprocessing = 0;
		};
		22B6806C1B6B0FD900963A42 /* Sources */ = {
			isa = PBXSourcesBuildPhase;
			buildActionMask = 2147483647;
			files = (
				22B680771B6B0FDA00963A42 /* ios_codepathTests.swift in Sources */,
			);
			runOnlyForDeploymentPostprocessing = 0;
		};
/* End PBXSourcesBuildPhase section */

/* Begin PBXTargetDependency section */
		22B680721B6B0FD900963A42 /* PBXTargetDependency */ = {
			isa = PBXTargetDependency;
			target = 22B6805A1B6B0FD900963A42 /* ios_codepath */;
			targetProxy = 22B680711B6B0FD900963A42 /* PBXContainerItemProxy */;
		};
/* End PBXTargetDependency section */

/* Begin PBXVariantGroup section */
		22B680641B6B0FD900963A42 /* Main.storyboard */ = {
			isa = PBXVariantGroup;
			children = (
				22B680651B6B0FD900963A42 /* Base */,
			);
			name = Main.storyboard;
			sourceTree = "<group>";
		};
		22B680691B6B0FD900963A42 /* LaunchScreen.xib */ = {
			isa = PBXVariantGroup;
			children = (
				22B6806A1B6B0FD900963A42 /* Base */,
			);
			name = LaunchScreen.xib;
			sourceTree = "<group>";
		};
/* End PBXVariantGroup section */

/* Begin XCBuildConfiguration section */
		22B680781B6B0FDA00963A42 /* Debug */ = {
			isa = XCBuildConfiguration;
			buildSettings = {
				ALWAYS_SEARCH_USER_PATHS = NO;
				CLANG_CXX_LANGUAGE_STANDARD = "gnu++0x";
				CLANG_CXX_LIBRARY = "libc++";
				CLANG_ENABLE_MODULES = YES;
				CLANG_ENABLE_OBJC_ARC = YES;
				CLANG_WARN_BOOL_CONVERSION = YES;
				CLANG_WARN_CONSTANT_CONVERSION = YES;
				CLANG_WARN_DIRECT_OBJC_ISA_USAGE = YES_ERROR;
				CLANG_WARN_EMPTY_BODY = YES;
				CLANG_WARN_ENUM_CONVERSION = YES;
				CLANG_WARN_INT_CONVERSION = YES;
				CLANG_WARN_OBJC_ROOT_CLASS = YES_ERROR;
				CLANG_WARN_UNREACHABLE_CODE = YES;
				CLANG_WARN__DUPLICATE_METHOD_MATCH = YES;
				"CODE_SIGN_IDENTITY[sdk=iphoneos*]" = "iPhone Developer";
				COPY_PHASE_STRIP = NO;
				DEBUG_INFORMATION_FORMAT = "dwarf-with-dsym";
				ENABLE_STRICT_OBJC_MSGSEND = YES;
				GCC_C_LANGUAGE_STANDARD = gnu99;
				GCC_DYNAMIC_NO_PIC = NO;
				GCC_NO_COMMON_BLOCKS = YES;
				GCC_OPTIMIZATION_LEVEL = 0;
				GCC_PREPROCESSOR_DEFINITIONS = (
					"DEBUG=1",
					"$(inherited)",
				);
				GCC_SYMBOLS_PRIVATE_EXTERN = NO;
				GCC_WARN_64_TO_32_BIT_CONVERSION = YES;
				GCC_WARN_ABOUT_RETURN_TYPE = YES_ERROR;
				GCC_WARN_UNDECLARED_SELECTOR = YES;
				GCC_WARN_UNINITIALIZED_AUTOS = YES_AGGRESSIVE;
				GCC_WARN_UNUSED_FUNCTION = YES;
				GCC_WARN_UNUSED_VARIABLE = YES;
				IPHONEOS_DEPLOYMENT_TARGET = 8.4;
				MTL_ENABLE_DEBUG_INFO = YES;
				ONLY_ACTIVE_ARCH = YES;
				SDKROOT = iphoneos;
				SWIFT_OPTIMIZATION_LEVEL = "-Onone";
			};
			name = Debug;
		};
		22B680791B6B0FDA00963A42 /* Release */ = {
			isa = XCBuildConfiguration;
			buildSettings = {
				ALWAYS_SEARCH_USER_PATHS = NO;
				CLANG_CXX_LANGUAGE_STANDARD = "gnu++0x";
				CLANG_CXX_LIBRARY = "libc++";
				CLANG_ENABLE_MODULES = YES;
				CLANG_ENABLE_OBJC_ARC = YES;
				CLANG_WARN_BOOL_CONVERSION = YES;
				CLANG_WARN_CONSTANT_CONVERSION = YES;
				CLANG_WARN_DIRECT_OBJC_ISA_USAGE = YES_ERROR;
				CLANG_WARN_EMPTY_BODY = YES;
				CLANG_WARN_ENUM_CONVERSION = YES;
				CLANG_WARN_INT_CONVERSION = YES;
				CLANG_WARN_OBJC_ROOT_CLASS = YES_ERROR;
				CLANG_WARN_UNREACHABLE_CODE = YES;
				CLANG_WARN__DUPLICATE_METHOD_MATCH = YES;
				"CODE_SIGN_IDENTITY[sdk=iphoneos*]" = "iPhone Developer";
				COPY_PHASE_STRIP = NO;
				DEBUG_INFORMATION_FORMAT = "dwarf-with-dsym";
				ENABLE_NS_ASSERTIONS = NO;
				ENABLE_STRICT_OBJC_MSGSEND = YES;
				GCC_C_LANGUAGE_STANDARD = gnu99;
				GCC_NO_COMMON_BLOCKS = YES;
				GCC_WARN_64_TO_32_BIT_CONVERSION = YES;
				GCC_WARN_ABOUT_RETURN_TYPE = YES_ERROR;
				GCC_WARN_UNDECLARED_SELECTOR = YES;
				GCC_WARN_UNINITIALIZED_AUTOS = YES_AGGRESSIVE;
				GCC_WARN_UNUSED_FUNCTION = YES;
				GCC_WARN_UNUSED_VARIABLE = YES;
				IPHONEOS_DEPLOYMENT_TARGET = 8.4;
				MTL_ENABLE_DEBUG_INFO = NO;
				SDKROOT = iphoneos;
				VALIDATE_PRODUCT = YES;
			};
			name = Release;
		};
		22B6807B1B6B0FDA00963A42 /* Debug */ = {
			isa = XCBuildConfiguration;
			buildSettings = {
				ASSETCATALOG_COMPILER_APPICON_NAME = AppIcon;
				INFOPLIST_FILE = ios_codepath/Info.plist;
				LD_RUNPATH_SEARCH_PATHS = "$(inherited) @executable_path/Frameworks";
				PRODUCT_NAME = "$(TARGET_NAME)";
			};
			name = Debug;
		};
		22B6807C1B6B0FDA00963A42 /* Release */ = {
			isa = XCBuildConfiguration;
			buildSettings = {
				ASSETCATALOG_COMPILER_APPICON_NAME = AppIcon;
				INFOPLIST_FILE = ios_codepath/Info.plist;
				LD_RUNPATH_SEARCH_PATHS = "$(inherited) @executable_path/Frameworks";
				PRODUCT_NAME = "$(TARGET_NAME)";
			};
			name = Release;
		};
		22B6807E1B6B0FDA00963A42 /* Debug */ = {
			isa = XCBuildConfiguration;
			buildSettings = {
				BUNDLE_LOADER = "$(TEST_HOST)";
				FRAMEWORK_SEARCH_PATHS = (
					"$(SDKROOT)/Developer/Library/Frameworks",
					"$(inherited)",
				);
				GCC_PREPROCESSOR_DEFINITIONS = (
					"DEBUG=1",
					"$(inherited)",
				);
				INFOPLIST_FILE = ios_codepathTests/Info.plist;
				LD_RUNPATH_SEARCH_PATHS = "$(inherited) @executable_path/Frameworks @loader_path/Frameworks";
				PRODUCT_NAME = "$(TARGET_NAME)";
				TEST_HOST = "$(BUILT_PRODUCTS_DIR)/ios_codepath.app/ios_codepath";
			};
			name = Debug;
		};
		22B6807F1B6B0FDA00963A42 /* Release */ = {
			isa = XCBuildConfiguration;
			buildSettings = {
				BUNDLE_LOADER = "$(TEST_HOST)";
				FRAMEWORK_SEARCH_PATHS = (
					"$(SDKROOT)/Developer/Library/Frameworks",
					"$(inherited)",
				);
				INFOPLIST_FILE = ios_codepathTests/Info.plist;
				LD_RUNPATH_SEARCH_PATHS = "$(inherited) @executable_path/Frameworks @loader_path/Frameworks";
				PRODUCT_NAME = "$(TARGET_NAME)";
				TEST_HOST = "$(BUILT_PRODUCTS_DIR)/ios_codepath.app/ios_codepath";
			};
			name = Release;
		};
/* End XCBuildConfiguration section */

/* Begin XCConfigurationList section */
		22B680561B6B0FD900963A42 /* Build configuration list for PBXProject "ios_codepath" */ = {
			isa = XCConfigurationList;
			buildConfigurations = (
				22B680781B6B0FDA00963A42 /* Debug */,
				22B680791B6B0FDA00963A42 /* Release */,
			);
			defaultConfigurationIsVisible = 0;
			defaultConfigurationName = Release;
		};
		22B6807A1B6B0FDA00963A42 /* Build configuration list for PBXNativeTarget "ios_codepath" */ = {
			isa = XCConfigurationList;
			buildConfigurations = (
				22B6807B1B6B0FDA00963A42 /* Debug */,
				22B6807C1B6B0FDA00963A42 /* Release */,
			);
			defaultConfigurationIsVisible = 0;
		};
		22B6807D1B6B0FDA00963A42 /* Build configuration list for PBXNativeTarget "ios_codepathTests" */ = {
			isa = XCConfigurationList;
			buildConfigurations = (
				22B6807E1B6B0FDA00963A42 /* Debug */,
				22B6807F1B6B0FDA00963A42 /* Release */,
			);
			defaultConfigurationIsVisible = 0;
		};
/* End XCConfigurationList section */
	};
	rootObject = 22B680531B6B0FD900963A42 /* Project object */;
}
